
Microsoft Visual Studio Solution File, Format Version 12.00
# Visual Studio Version 17
VisualStudioVersion = 17.14.36616.10 d17.14
MinimumVisualStudioVersion = 10.0.40219.1
Project("{FAE04EC0-301F-11D3-BF4B-00C04F79EFBC}") = "StructuralDuplicationRoslyn", "StructuralDuplicationRoslyn.csproj", "{0C8C1EBB-8B91-4AFA-B3A8-428A31B7275A}"
EndProject
Global
	GlobalSection(SolutionConfigurationPlatforms) = preSolution
		Debug|Any CPU = Debug|Any CPU
		Release|Any CPU = Release|Any CPU
	EndGlobalSection
	GlobalSection(ProjectConfigurationPlatforms) = postSolution
		{0C8C1EBB-8B91-4AFA-B3A8-428A31B7275A}.Debug|Any CPU.ActiveCfg = Debug|Any CPU
		{0C8C1EBB-8B91-4AFA-B3A8-428A31B7275A}.Debug|Any CPU.Build.0 = Debug|Any CPU
		{0C8C1EBB-8B91-4AFA-B3A8-428A31B7275A}.Release|Any CPU.ActiveCfg = Release|Any CPU
		{0C8C1EBB-8B91-4AFA-B3A8-428A31B7275A}.Release|Any CPU.Build.0 = Release|Any CPU
	EndGlobalSection
	GlobalSection(SolutionProperties) = preSolution
		HideSolutionNode = FALSE
	EndGlobalSection
	GlobalSection(ExtensibilityGlobals) = postSolution
		SolutionGuid = {414842C5-8922-4872-8815-828CE24F40D6}
	EndGlobalSection
EndGlobal
